
Microsoft Visual Studio Solution File, Format Version 12.00
# Visual Studio Version 17
VisualStudioVersion = 17.14.36301.6 d17.14
MinimumVisualStudioVersion = 10.0.40219.1
Project("{FAE04EC0-301F-11D3-BF4B-00C04F79EFBC}") = "Deque", "Deque.csproj", "{172E1387-71F6-4148-BA53-E1D8E8617148}"
EndProject
Global
	GlobalSection(SolutionConfigurationPlatforms) = preSolution
		Debug|Any CPU = Debug|Any CPU
		Release|Any CPU = Release|Any CPU
	EndGlobalSection
	GlobalSection(ProjectConfigurationPlatforms) = postSolution
		{172E1387-71F6-4148-BA53-E1D8E8617148}.Debug|Any CPU.ActiveCfg = Debug|Any CPU
		{172E1387-71F6-4148-BA53-E1D8E8617148}.Debug|Any CPU.Build.0 = Debug|Any CPU
		{172E1387-71F6-4148-BA53-E1D8E8617148}.Release|Any CPU.ActiveCfg = Release|Any CPU
		{172E1387-71F6-4148-BA53-E1D8E8617148}.Release|Any CPU.Build.0 = Release|Any CPU
	EndGlobalSection
	GlobalSection(SolutionProperties) = preSolution
		HideSolutionNode = FALSE
	EndGlobalSection
	GlobalSection(ExtensibilityGlobals) = postSolution
		SolutionGuid = {52CD96F6-74BB-486B-9AAA-086CECE3398A}
	EndGlobalSection
EndGlobal
