
Microsoft Visual Studio Solution File, Format Version 12.00
# Visual Studio Version 17
VisualStudioVersion = 17.14.36301.6 d17.14
MinimumVisualStudioVersion = 10.0.40219.1
Project("{FAE04EC0-301F-11D3-BF4B-00C04F79EFBC}") = "Generic", "Generic.csproj", "{0C614B08-4308-43BD-8177-DC20F4C8DC6C}"
EndProject
Global
	GlobalSection(SolutionConfigurationPlatforms) = preSolution
		Debug|Any CPU = Debug|Any CPU
		Release|Any CPU = Release|Any CPU
	EndGlobalSection
	GlobalSection(ProjectConfigurationPlatforms) = postSolution
		{0C614B08-4308-43BD-8177-DC20F4C8DC6C}.Debug|Any CPU.ActiveCfg = Debug|Any CPU
		{0C614B08-4308-43BD-8177-DC20F4C8DC6C}.Debug|Any CPU.Build.0 = Debug|Any CPU
		{0C614B08-4308-43BD-8177-DC20F4C8DC6C}.Release|Any CPU.ActiveCfg = Release|Any CPU
		{0C614B08-4308-43BD-8177-DC20F4C8DC6C}.Release|Any CPU.Build.0 = Release|Any CPU
	EndGlobalSection
	GlobalSection(SolutionProperties) = preSolution
		HideSolutionNode = FALSE
	EndGlobalSection
	GlobalSection(ExtensibilityGlobals) = postSolution
		SolutionGuid = {D9BA809F-8068-4D1C-A550-FD1E1B831043}
	EndGlobalSection
EndGlobal
